// !$*UTF8*$!
{
	archiveVersion = 1;
	classes = {
	};
	objectVersion = 50;
	objects = {

/* Begin PBXBuildFile section */
		EB0752702103304600857E4F /* AppDelegate.swift in Sources */ = {isa = PBXBuildFile; fileRef = EB07526F2103304600857E4F /* AppDelegate.swift */; };
		EB0752792103304700857E4F /* Assets.xcassets in Resources */ = {isa = PBXBuildFile; fileRef = EB0752782103304700857E4F /* Assets.xcassets */; };
		EB07527C2103304700857E4F /* LaunchScreen.storyboard in Resources */ = {isa = PBXBuildFile; fileRef = EB07527A2103304700857E4F /* LaunchScreen.storyboard */; };
		EB2702E22103BB1200350777 /* PodcastTableViewCell.swift in Sources */ = {isa = PBXBuildFile; fileRef = EB2702E12103BB1200350777 /* PodcastTableViewCell.swift */; };
		EB2702E42103BFA200350777 /* PodcastTableViewController.swift in Sources */ = {isa = PBXBuildFile; fileRef = EB2702E32103BFA200350777 /* PodcastTableViewController.swift */; };
		EB2702E72104895800350777 /* APIVerb.swift in Sources */ = {isa = PBXBuildFile; fileRef = EB2702E62104895800350777 /* APIVerb.swift */; };
		EB2E39542103AD79001E518D /* tabBar.storyboard in Resources */ = {isa = PBXBuildFile; fileRef = EB2E39532103AD78001E518D /* tabBar.storyboard */; };
		EB2E39572103AF39001E518D /* podcastStoryboard.storyboard in Resources */ = {isa = PBXBuildFile; fileRef = EB2E39562103AF39001E518D /* podcastStoryboard.storyboard */; };
/* End PBXBuildFile section */

/* Begin PBXFileReference section */
		EB07526C2103304600857E4F /* DVRGV_app.app */ = {isa = PBXFileReference; explicitFileType = wrapper.application; includeInIndex = 0; path = DVRGV_app.app; sourceTree = BUILT_PRODUCTS_DIR; };
		EB07526F2103304600857E4F /* AppDelegate.swift */ = {isa = PBXFileReference; lastKnownFileType = sourcecode.swift; path = AppDelegate.swift; sourceTree = "<group>"; };
		EB0752782103304700857E4F /* Assets.xcassets */ = {isa = PBXFileReference; lastKnownFileType = folder.assetcatalog; path = Assets.xcassets; sourceTree = "<group>"; };
		EB07527B2103304700857E4F /* Base */ = {isa = PBXFileReference; lastKnownFileType = file.storyboard; name = Base; path = Base.lproj/LaunchScreen.storyboard; sourceTree = "<group>"; };
		EB07527D2103304700857E4F /* Info.plist */ = {isa = PBXFileReference; lastKnownFileType = text.plist.xml; path = Info.plist; sourceTree = "<group>"; };
		EB2702E12103BB1200350777 /* PodcastTableViewCell.swift */ = {isa = PBXFileReference; lastKnownFileType = sourcecode.swift; path = PodcastTableViewCell.swift; sourceTree = "<group>"; };
		EB2702E32103BFA200350777 /* PodcastTableViewController.swift */ = {isa = PBXFileReference; lastKnownFileType = sourcecode.swift; path = PodcastTableViewController.swift; sourceTree = "<group>"; };
		EB2702E62104895800350777 /* APIVerb.swift */ = {isa = PBXFileReference; lastKnownFileType = sourcecode.swift; path = APIVerb.swift; sourceTree = "<group>"; };
		EB2E39532103AD78001E518D /* tabBar.storyboard */ = {isa = PBXFileReference; fileEncoding = 4; lastKnownFileType = file.storyboard; path = tabBar.storyboard; sourceTree = "<group>"; };
		EB2E39562103AF39001E518D /* podcastStoryboard.storyboard */ = {isa = PBXFileReference; lastKnownFileType = file.storyboard; path = podcastStoryboard.storyboard; sourceTree = "<group>"; };
/* End PBXFileReference section */

/* Begin PBXFrameworksBuildPhase section */
		EB0752692103304600857E4F /* Frameworks */ = {
			isa = PBXFrameworksBuildPhase;
			buildActionMask = 2147483647;
			files = (
			);
			runOnlyForDeploymentPostprocessing = 0;
		};
/* End PBXFrameworksBuildPhase section */

/* Begin PBXGroup section */
		EB0752632103304500857E4F = {
			isa = PBXGroup;
			children = (
				EB07526E2103304600857E4F /* DVRGV_app */,
				EB07526D2103304600857E4F /* Products */,
			);
			sourceTree = "<group>";
		};
		EB07526D2103304600857E4F /* Products */ = {
			isa = PBXGroup;
			children = (
				EB07526C2103304600857E4F /* DVRGV_app.app */,
			);
			name = Products;
			sourceTree = "<group>";
		};
		EB07526E2103304600857E4F /* DVRGV_app */ = {
			isa = PBXGroup;
			children = (
				EB07526F2103304600857E4F /* AppDelegate.swift */,
				EB2E39532103AD78001E518D /* tabBar.storyboard */,
				EB0752782103304700857E4F /* Assets.xcassets */,
				EB2702E52104890900350777 /* API */,
				EB2E39552103AEC7001E518D /* podcast */,
				EB07527A2103304700857E4F /* LaunchScreen.storyboard */,
				EB07527D2103304700857E4F /* Info.plist */,
			);
			path = DVRGV_app;
			sourceTree = "<group>";
		};
		EB2702E52104890900350777 /* API */ = {
			isa = PBXGroup;
			children = (
				EB2702E62104895800350777 /* APIVerb.swift */,
			);
			path = API;
			sourceTree = "<group>";
		};
		EB2E39552103AEC7001E518D /* podcast */ = {
			isa = PBXGroup;
			children = (
				EB2E39562103AF39001E518D /* podcastStoryboard.storyboard */,
				EB2702E32103BFA200350777 /* PodcastTableViewController.swift */,
				EB2702E12103BB1200350777 /* PodcastTableViewCell.swift */,
			);
			path = podcast;
			sourceTree = "<group>";
		};
/* End PBXGroup section */

/* Begin PBXNativeTarget section */
		EB07526B2103304600857E4F /* DVRGV_app */ = {
			isa = PBXNativeTarget;
			buildConfigurationList = EB0752802103304700857E4F /* Build configuration list for PBXNativeTarget "DVRGV_app" */;
			buildPhases = (
				EB0752682103304600857E4F /* Sources */,
				EB0752692103304600857E4F /* Frameworks */,
				EB07526A2103304600857E4F /* Resources */,
			);
			buildRules = (
			);
			dependencies = (
			);
			name = DVRGV_app;
			productName = DVRGV_app;
			productReference = EB07526C2103304600857E4F /* DVRGV_app.app */;
			productType = "com.apple.product-type.application";
		};
/* End PBXNativeTarget section */

/* Begin PBXProject section */
		EB0752642103304500857E4F /* Project object */ = {
			isa = PBXProject;
			attributes = {
				LastSwiftUpdateCheck = 0940;
				LastUpgradeCheck = 0940;
				ORGANIZATIONNAME = "Clément BOUSSIRON";
				TargetAttributes = {
					EB07526B2103304600857E4F = {
						CreatedOnToolsVersion = 9.4.1;
					};
				};
			};
			buildConfigurationList = EB0752672103304600857E4F /* Build configuration list for PBXProject "DVRGV_app" */;
			compatibilityVersion = "Xcode 9.3";
			developmentRegion = en;
			hasScannedForEncodings = 0;
			knownRegions = (
				en,
				Base,
			);
			mainGroup = EB0752632103304500857E4F;
			productRefGroup = EB07526D2103304600857E4F /* Products */;
			projectDirPath = "";
			projectRoot = "";
			targets = (
				EB07526B2103304600857E4F /* DVRGV_app */,
			);
		};
/* End PBXProject section */

/* Begin PBXResourcesBuildPhase section */
		EB07526A2103304600857E4F /* Resources */ = {
			isa = PBXResourcesBuildPhase;
			buildActionMask = 2147483647;
			files = (
				EB07527C2103304700857E4F /* LaunchScreen.storyboard in Resources */,
				EB0752792103304700857E4F /* Assets.xcassets in Resources */,
				EB2E39572103AF39001E518D /* podcastStoryboard.storyboard in Resources */,
				EB2E39542103AD79001E518D /* tabBar.storyboard in Resources */,
			);
			runOnlyForDeploymentPostprocessing = 0;
		};
/* End PBXResourcesBuildPhase section */

/* Begin PBXSourcesBuildPhase section */
		EB0752682103304600857E4F /* Sources */ = {
			isa = PBXSourcesBuildPhase;
			buildActionMask = 2147483647;
			files = (
				EB2702E22103BB1200350777 /* PodcastTableViewCell.swift in Sources */,
				EB2702E72104895800350777 /* APIVerb.swift in Sources */,
				EB0752702103304600857E4F /* AppDelegate.swift in Sources */,
				EB2702E42103BFA200350777 /* PodcastTableViewController.swift in Sources */,
			);
			runOnlyForDeploymentPostprocessing = 0;
		};
/* End PBXSourcesBuildPhase section */

/* Begin PBXVariantGroup section */
		EB07527A2103304700857E4F /* LaunchScreen.storyboard */ = {
			isa = PBXVariantGroup;
			children = (
				EB07527B2103304700857E4F /* Base */,
			);
			name = LaunchScreen.storyboard;
			sourceTree = "<group>";
		};
/* End PBXVariantGroup section */

/* Begin XCBuildConfiguration section */
		EB07527E2103304700857E4F /* Debug */ = {
			isa = XCBuildConfiguration;
			buildSettings = {
				ALWAYS_SEARCH_USER_PATHS = NO;
				CLANG_ANALYZER_NONNULL = YES;
				CLANG_ANALYZER_NUMBER_OBJECT_CONVERSION = YES_AGGRESSIVE;
				CLANG_CXX_LANGUAGE_STANDARD = "gnu++14";
				CLANG_CXX_LIBRARY = "libc++";
				CLANG_ENABLE_MODULES = YES;
				CLANG_ENABLE_OBJC_ARC = YES;
				CLANG_ENABLE_OBJC_WEAK = YES;
				CLANG_WARN_BLOCK_CAPTURE_AUTORELEASING = YES;
				CLANG_WARN_BOOL_CONVERSION = YES;
				CLANG_WARN_COMMA = YES;
				CLANG_WARN_CONSTANT_CONVERSION = YES;
				CLANG_WARN_DEPRECATED_OBJC_IMPLEMENTATIONS = YES;
				CLANG_WARN_DIRECT_OBJC_ISA_USAGE = YES_ERROR;
				CLANG_WARN_DOCUMENTATION_COMMENTS = YES;
				CLANG_WARN_EMPTY_BODY = YES;
				CLANG_WARN_ENUM_CONVERSION = YES;
				CLANG_WARN_INFINITE_RECURSION = YES;
				CLANG_WARN_INT_CONVERSION = YES;
				CLANG_WARN_NON_LITERAL_NULL_CONVERSION = YES;
				CLANG_WARN_OBJC_IMPLICIT_RETAIN_SELF = YES;
				CLANG_WARN_OBJC_LITERAL_CONVERSION = YES;
				CLANG_WARN_OBJC_ROOT_CLASS = YES_ERROR;
				CLANG_WARN_RANGE_LOOP_ANALYSIS = YES;
				CLANG_WARN_STRICT_PROTOTYPES = YES;
				CLANG_WARN_SUSPICIOUS_MOVE = YES;
				CLANG_WARN_UNGUARDED_AVAILABILITY = YES_AGGRESSIVE;
				CLANG_WARN_UNREACHABLE_CODE = YES;
				CLANG_WARN__DUPLICATE_METHOD_MATCH = YES;
				CODE_SIGN_IDENTITY = "iPhone Developer";
				COPY_PHASE_STRIP = NO;
				DEBUG_INFORMATION_FORMAT = dwarf;
				ENABLE_STRICT_OBJC_MSGSEND = YES;
				ENABLE_TESTABILITY = YES;
				GCC_C_LANGUAGE_STANDARD = gnu11;
				GCC_DYNAMIC_NO_PIC = NO;
				GCC_NO_COMMON_BLOCKS = YES;
				GCC_OPTIMIZATION_LEVEL = 0;
				GCC_PREPROCESSOR_DEFINITIONS = (
					"DEBUG=1",
					"$(inherited)",
				);
				GCC_WARN_64_TO_32_BIT_CONVERSION = YES;
				GCC_WARN_ABOUT_RETURN_TYPE = YES_ERROR;
				GCC_WARN_UNDECLARED_SELECTOR = YES;
				GCC_WARN_UNINITIALIZED_AUTOS = YES_AGGRESSIVE;
				GCC_WARN_UNUSED_FUNCTION = YES;
				GCC_WARN_UNUSED_VARIABLE = YES;
				IPHONEOS_DEPLOYMENT_TARGET = 11.4;
				MTL_ENABLE_DEBUG_INFO = YES;
				ONLY_ACTIVE_ARCH = YES;
				SDKROOT = iphoneos;
				SWIFT_ACTIVE_COMPILATION_CONDITIONS = DEBUG;
				SWIFT_OPTIMIZATION_LEVEL = "-Onone";
			};
			name = Debug;
		};
		EB07527F2103304700857E4F /* Release */ = {
			isa = XCBuildConfiguration;
			buildSettings = {
				ALWAYS_SEARCH_USER_PATHS = NO;
				CLANG_ANALYZER_NONNULL = YES;
				CLANG_ANALYZER_NUMBER_OBJECT_CONVERSION = YES_AGGRESSIVE;
				CLANG_CXX_LANGUAGE_STANDARD = "gnu++14";
				CLANG_CXX_LIBRARY = "libc++";
				CLANG_ENABLE_MODULES = YES;
				CLANG_ENABLE_OBJC_ARC = YES;
				CLANG_ENABLE_OBJC_WEAK = YES;
				CLANG_WARN_BLOCK_CAPTURE_AUTORELEASING = YES;
				CLANG_WARN_BOOL_CONVERSION = YES;
				CLANG_WARN_COMMA = YES;
				CLANG_WARN_CONSTANT_CONVERSION = YES;
				CLANG_WARN_DEPRECATED_OBJC_IMPLEMENTATIONS = YES;
				CLANG_WARN_DIRECT_OBJC_ISA_USAGE = YES_ERROR;
				CLANG_WARN_DOCUMENTATION_COMMENTS = YES;
				CLANG_WARN_EMPTY_BODY = YES;
				CLANG_WARN_ENUM_CONVERSION = YES;
				CLANG_WARN_INFINITE_RECURSION = YES;
				CLANG_WARN_INT_CONVERSION = YES;
				CLANG_WARN_NON_LITERAL_NULL_CONVERSION = YES;
				CLANG_WARN_OBJC_IMPLICIT_RETAIN_SELF = YES;
				CLANG_WARN_OBJC_LITERAL_CONVERSION = YES;
				CLANG_WARN_OBJC_ROOT_CLASS = YES_ERROR;
				CLANG_WARN_RANGE_LOOP_ANALYSIS = YES;
				CLANG_WARN_STRICT_PROTOTYPES = YES;
				CLANG_WARN_SUSPICIOUS_MOVE = YES;
				CLANG_WARN_UNGUARDED_AVAILABILITY = YES_AGGRESSIVE;
				CLANG_WARN_UNREACHABLE_CODE = YES;
				CLANG_WARN__DUPLICATE_METHOD_MATCH = YES;
				CODE_SIGN_IDENTITY = "iPhone Developer";
				COPY_PHASE_STRIP = NO;
				DEBUG_INFORMATION_FORMAT = "dwarf-with-dsym";
				ENABLE_NS_ASSERTIONS = NO;
				ENABLE_STRICT_OBJC_MSGSEND = YES;
				GCC_C_LANGUAGE_STANDARD = gnu11;
				GCC_NO_COMMON_BLOCKS = YES;
				GCC_WARN_64_TO_32_BIT_CONVERSION = YES;
				GCC_WARN_ABOUT_RETURN_TYPE = YES_ERROR;
				GCC_WARN_UNDECLARED_SELECTOR = YES;
				GCC_WARN_UNINITIALIZED_AUTOS = YES_AGGRESSIVE;
				GCC_WARN_UNUSED_FUNCTION = YES;
				GCC_WARN_UNUSED_VARIABLE = YES;
				IPHONEOS_DEPLOYMENT_TARGET = 11.4;
				MTL_ENABLE_DEBUG_INFO = NO;
				SDKROOT = iphoneos;
				SWIFT_COMPILATION_MODE = wholemodule;
				SWIFT_OPTIMIZATION_LEVEL = "-O";
				VALIDATE_PRODUCT = YES;
			};
			name = Release;
		};
		EB0752812103304700857E4F /* Debug */ = {
			isa = XCBuildConfiguration;
			buildSettings = {
				ASSETCATALOG_COMPILER_APPICON_NAME = AppIcon;
				CODE_SIGN_STYLE = Automatic;
				DEVELOPMENT_TEAM = SH8XQWP7ZU;
				INFOPLIST_FILE = DVRGV_app/Info.plist;
				LD_RUNPATH_SEARCH_PATHS = (
					"$(inherited)",
					"@executable_path/Frameworks",
				);
				PRODUCT_BUNDLE_IDENTIFIER = "clementb49.DVRGV-app";
				PRODUCT_NAME = "$(TARGET_NAME)";
				SWIFT_VERSION = 4.0;
				TARGETED_DEVICE_FAMILY = "1,2";
			};
			name = Debug;
		};
		EB0752822103304700857E4F /* Release */ = {
			isa = XCBuildConfiguration;
			buildSettings = {
				ASSETCATALOG_COMPILER_APPICON_NAME = AppIcon;
				CODE_SIGN_STYLE = Automatic;
				DEVELOPMENT_TEAM = SH8XQWP7ZU;
				INFOPLIST_FILE = DVRGV_app/Info.plist;
				LD_RUNPATH_SEARCH_PATHS = (
					"$(inherited)",
					"@executable_path/Frameworks",
				);
				PRODUCT_BUNDLE_IDENTIFIER = "clementb49.DVRGV-app";
				PRODUCT_NAME = "$(TARGET_NAME)";
				SWIFT_VERSION = 4.0;
				TARGETED_DEVICE_FAMILY = "1,2";
			};
			name = Release;
		};
/* End XCBuildConfiguration section */

/* Begin XCConfigurationList section */
		EB0752672103304600857E4F /* Build configuration list for PBXProject "DVRGV_app" */ = {
			isa = XCConfigurationList;
			buildConfigurations = (
				EB07527E2103304700857E4F /* Debug */,
				EB07527F2103304700857E4F /* Release */,
			);
			defaultConfigurationIsVisible = 0;
			defaultConfigurationName = Release;
		};
		EB0752802103304700857E4F /* Build configuration list for PBXNativeTarget "DVRGV_app" */ = {
			isa = XCConfigurationList;
			buildConfigurations = (
				EB0752812103304700857E4F /* Debug */,
				EB0752822103304700857E4F /* Release */,
			);
			defaultConfigurationIsVisible = 0;
			defaultConfigurationName = Release;
		};
/* End XCConfigurationList section */
	};
	rootObject = EB0752642103304500857E4F /* Project object */;
}
