// !$*UTF8*$!
{
	archiveVersion = 1;
	classes = {
	};
	objectVersion = 50;
	objects = {

/* Begin PBXBuildFile section */
		EB0C4B472104E3DF00128DD6 /* AppDelegate.swift in Sources */ = {isa = PBXBuildFile; fileRef = EB0C4B462104E3DF00128DD6 /* AppDelegate.swift */; };
		EB0C4B512104E3DF00128DD6 /* Assets.xcassets in Resources */ = {isa = PBXBuildFile; fileRef = EB0C4B502104E3DF00128DD6 /* Assets.xcassets */; };
		EB0C4B542104E3DF00128DD6 /* LaunchScreen.storyboard in Resources */ = {isa = PBXBuildFile; fileRef = EB0C4B522104E3DF00128DD6 /* LaunchScreen.storyboard */; };
		EB0C4B5F2104E44E00128DD6 /* ListPostsTableViewController.swift in Sources */ = {isa = PBXBuildFile; fileRef = EB0C4B5C2104E44E00128DD6 /* ListPostsTableViewController.swift */; };
		EB0C4B602104E44E00128DD6 /* CategoryPodcastStoryboard.storyboard in Resources */ = {isa = PBXBuildFile; fileRef = EB0C4B5D2104E44E00128DD6 /* CategoryPodcastStoryboard.storyboard */; };
		EB0C4B612104E44E00128DD6 /* PodcastTableViewCell.swift in Sources */ = {isa = PBXBuildFile; fileRef = EB0C4B5E2104E44E00128DD6 /* PodcastTableViewCell.swift */; };
		EB0C4B662104E47E00128DD6 /* APIManager.swift in Sources */ = {isa = PBXBuildFile; fileRef = EB0C4B632104E47E00128DD6 /* APIManager.swift */; };
		EB0C4B672104E47E00128DD6 /* HTTPMethods.swift in Sources */ = {isa = PBXBuildFile; fileRef = EB0C4B642104E47E00128DD6 /* HTTPMethods.swift */; };
		EB0C4B682104E47E00128DD6 /* Route.swift in Sources */ = {isa = PBXBuildFile; fileRef = EB0C4B652104E47E00128DD6 /* Route.swift */; };
		EB0C4B6B2104E4C800128DD6 /* stringExtention.swift in Sources */ = {isa = PBXBuildFile; fileRef = EB0C4B6A2104E4C800128DD6 /* stringExtention.swift */; };
		EB0C4B6D2104E51B00128DD6 /* tabBar.storyboard in Resources */ = {isa = PBXBuildFile; fileRef = EB0C4B6C2104E51B00128DD6 /* tabBar.storyboard */; };
		EB1758BB211B93E60099B9B5 /* DetailPodcastViewController.swift in Sources */ = {isa = PBXBuildFile; fileRef = EB1758BA211B93E60099B9B5 /* DetailPodcastViewController.swift */; };
		EB276CB721C7D55700620A76 /* Post+function.swift in Sources */ = {isa = PBXBuildFile; fileRef = EB276CB621C7D55700620A76 /* Post+function.swift */; };
		EB3E0CEF212D65AF009FE8E2 /* PodcastPlayerStoryboard.storyboard in Resources */ = {isa = PBXBuildFile; fileRef = EB3E0CEE212D65AF009FE8E2 /* PodcastPlayerStoryboard.storyboard */; };
		EB4393CD21679E4D00760D21 /* ListArticleStoryboard.storyboard in Resources */ = {isa = PBXBuildFile; fileRef = EB4393CC21679E4D00760D21 /* ListArticleStoryboard.storyboard */; };
		EB48827321237379005527A7 /* Podcast+CoreDataProperties.swift in Sources */ = {isa = PBXBuildFile; fileRef = EB48827221237379005527A7 /* Podcast+CoreDataProperties.swift */; };
		EB4882752123740F005527A7 /* Podcast+CoreDataClass.swift in Sources */ = {isa = PBXBuildFile; fileRef = EB4882742123740F005527A7 /* Podcast+CoreDataClass.swift */; };
		EB66A8B521BE5E7300F8D46A /* DetailArticleStoryboard.storyboard in Resources */ = {isa = PBXBuildFile; fileRef = EB66A8B421BE5E7300F8D46A /* DetailArticleStoryboard.storyboard */; };
		EB88727121C101F00002F215 /* Category+Function.swift in Sources */ = {isa = PBXBuildFile; fileRef = EB88727021C101F00002F215 /* Category+Function.swift */; };
		EB9035AA2118E24E0091F603 /* CategoryPostTableViewController.swift in Sources */ = {isa = PBXBuildFile; fileRef = EB9035A92118E24E0091F603 /* CategoryPostTableViewController.swift */; };
		EB99A026210A5BE90018072C /* CoreDataStack.swift in Sources */ = {isa = PBXBuildFile; fileRef = EB99A025210A5BE90018072C /* CoreDataStack.swift */; };
		EBA7B1AA21D9085700603073 /* comment+Function.swift in Sources */ = {isa = PBXBuildFile; fileRef = EBA7B1A921D9085700603073 /* comment+Function.swift */; };
		EBA9C03221BEBA8400BFDE09 /* DetailArticleViewController.swift in Sources */ = {isa = PBXBuildFile; fileRef = EBA9C03121BEBA8400BFDE09 /* DetailArticleViewController.swift */; };
		EBAA19D5212AEFB4005395D4 /* ListPodcastStoryboard.storyboard in Resources */ = {isa = PBXBuildFile; fileRef = EBAA19D4212AEFB4005395D4 /* ListPodcastStoryboard.storyboard */; };
		EBAA19D7212AF19F005395D4 /* DetailPodcastStoryboard.storyboard in Resources */ = {isa = PBXBuildFile; fileRef = EBAA19D6212AF19F005395D4 /* DetailPodcastStoryboard.storyboard */; };
		EBB1E915210BD09C00B9CB12 /* Category+CoreDataClass.swift in Sources */ = {isa = PBXBuildFile; fileRef = EBB1E90D210BD09B00B9CB12 /* Category+CoreDataClass.swift */; };
		EBB1E916210BD09C00B9CB12 /* Category+CoreDataProperties.swift in Sources */ = {isa = PBXBuildFile; fileRef = EBB1E90E210BD09B00B9CB12 /* Category+CoreDataProperties.swift */; };
		EBB1E917210BD09C00B9CB12 /* User+CoreDataClass.swift in Sources */ = {isa = PBXBuildFile; fileRef = EBB1E90F210BD09B00B9CB12 /* User+CoreDataClass.swift */; };
		EBB1E918210BD09C00B9CB12 /* User+CoreDataProperties.swift in Sources */ = {isa = PBXBuildFile; fileRef = EBB1E910210BD09B00B9CB12 /* User+CoreDataProperties.swift */; };
		EBB1E919210BD09C00B9CB12 /* Comment+CoreDataClass.swift in Sources */ = {isa = PBXBuildFile; fileRef = EBB1E911210BD09B00B9CB12 /* Comment+CoreDataClass.swift */; };
		EBB1E91A210BD09C00B9CB12 /* Comment+CoreDataProperties.swift in Sources */ = {isa = PBXBuildFile; fileRef = EBB1E912210BD09B00B9CB12 /* Comment+CoreDataProperties.swift */; };
		EBB1E91B210BD09C00B9CB12 /* Post+CoreDataClass.swift in Sources */ = {isa = PBXBuildFile; fileRef = EBB1E913210BD09B00B9CB12 /* Post+CoreDataClass.swift */; };
		EBB1E91C210BD09C00B9CB12 /* Post+CoreDataProperties.swift in Sources */ = {isa = PBXBuildFile; fileRef = EBB1E914210BD09B00B9CB12 /* Post+CoreDataProperties.swift */; };
		EBBCF6DA21D5330500EAB3FC /* Podcast+function.swift in Sources */ = {isa = PBXBuildFile; fileRef = EBBCF6D921D5330500EAB3FC /* Podcast+function.swift */; };
		EBBE990E21C7A0DC007A1706 /* User+function.swift in Sources */ = {isa = PBXBuildFile; fileRef = EBBE990D21C7A0DC007A1706 /* User+function.swift */; };
		EBC93AB7216912EB006B9A55 /* categoryArticleStoryboard.storyboard in Resources */ = {isa = PBXBuildFile; fileRef = EBC93AB6216912EB006B9A55 /* categoryArticleStoryboard.storyboard */; };
		EBCBF45321693A980040F5E2 /* TabBarViewController.swift in Sources */ = {isa = PBXBuildFile; fileRef = EBCBF45221693A980040F5E2 /* TabBarViewController.swift */; };
		EBE1342A210B0562009AADF6 /* DVRGV.xcdatamodeld in Sources */ = {isa = PBXBuildFile; fileRef = EBE13428210B0562009AADF6 /* DVRGV.xcdatamodeld */; };
		FBCF7E8EFFD66547B6ADC2DA /* libPods-DVRGV_app.a in Frameworks */ = {isa = PBXBuildFile; fileRef = 48AAFDD8C5FD9EDC081E3E0B /* libPods-DVRGV_app.a */; };
/* End PBXBuildFile section */

/* Begin PBXFileReference section */
		07B6F48DBA242E7F9361C60C /* Pods-DVRGV_app.debug.xcconfig */ = {isa = PBXFileReference; includeInIndex = 1; lastKnownFileType = text.xcconfig; name = "Pods-DVRGV_app.debug.xcconfig"; path = "Pods/Target Support Files/Pods-DVRGV_app/Pods-DVRGV_app.debug.xcconfig"; sourceTree = "<group>"; };
		48AAFDD8C5FD9EDC081E3E0B /* libPods-DVRGV_app.a */ = {isa = PBXFileReference; explicitFileType = archive.ar; includeInIndex = 0; path = "libPods-DVRGV_app.a"; sourceTree = BUILT_PRODUCTS_DIR; };
		EABA8E247684738AE9EDF803 /* Pods-DVRGV_app.release.xcconfig */ = {isa = PBXFileReference; includeInIndex = 1; lastKnownFileType = text.xcconfig; name = "Pods-DVRGV_app.release.xcconfig"; path = "Pods/Target Support Files/Pods-DVRGV_app/Pods-DVRGV_app.release.xcconfig"; sourceTree = "<group>"; };
		EB0C4B432104E3DF00128DD6 /* DVRGV_app.app */ = {isa = PBXFileReference; explicitFileType = wrapper.application; includeInIndex = 0; path = DVRGV_app.app; sourceTree = BUILT_PRODUCTS_DIR; };
		EB0C4B462104E3DF00128DD6 /* AppDelegate.swift */ = {isa = PBXFileReference; lastKnownFileType = sourcecode.swift; path = AppDelegate.swift; sourceTree = "<group>"; };
		EB0C4B502104E3DF00128DD6 /* Assets.xcassets */ = {isa = PBXFileReference; lastKnownFileType = folder.assetcatalog; path = Assets.xcassets; sourceTree = "<group>"; };
		EB0C4B552104E3DF00128DD6 /* Info.plist */ = {isa = PBXFileReference; lastKnownFileType = text.plist.xml; path = Info.plist; sourceTree = "<group>"; };
		EB0C4B5C2104E44E00128DD6 /* ListPostsTableViewController.swift */ = {isa = PBXFileReference; fileEncoding = 4; lastKnownFileType = sourcecode.swift; path = ListPostsTableViewController.swift; sourceTree = "<group>"; };
		EB0C4B5D2104E44E00128DD6 /* CategoryPodcastStoryboard.storyboard */ = {isa = PBXFileReference; fileEncoding = 4; lastKnownFileType = file.storyboard; path = CategoryPodcastStoryboard.storyboard; sourceTree = "<group>"; };
		EB0C4B5E2104E44E00128DD6 /* PodcastTableViewCell.swift */ = {isa = PBXFileReference; fileEncoding = 4; lastKnownFileType = sourcecode.swift; path = PodcastTableViewCell.swift; sourceTree = "<group>"; };
		EB0C4B632104E47E00128DD6 /* APIManager.swift */ = {isa = PBXFileReference; fileEncoding = 4; lastKnownFileType = sourcecode.swift; path = APIManager.swift; sourceTree = "<group>"; };
		EB0C4B642104E47E00128DD6 /* HTTPMethods.swift */ = {isa = PBXFileReference; fileEncoding = 4; lastKnownFileType = sourcecode.swift; path = HTTPMethods.swift; sourceTree = "<group>"; };
		EB0C4B652104E47E00128DD6 /* Route.swift */ = {isa = PBXFileReference; fileEncoding = 4; lastKnownFileType = sourcecode.swift; path = Route.swift; sourceTree = "<group>"; };
		EB0C4B6A2104E4C800128DD6 /* stringExtention.swift */ = {isa = PBXFileReference; fileEncoding = 4; lastKnownFileType = sourcecode.swift; path = stringExtention.swift; sourceTree = "<group>"; };
		EB0C4B6C2104E51B00128DD6 /* tabBar.storyboard */ = {isa = PBXFileReference; fileEncoding = 4; lastKnownFileType = file.storyboard; path = tabBar.storyboard; sourceTree = "<group>"; };
		EB1758BA211B93E60099B9B5 /* DetailPodcastViewController.swift */ = {isa = PBXFileReference; lastKnownFileType = sourcecode.swift; path = DetailPodcastViewController.swift; sourceTree = "<group>"; };
		EB276CB621C7D55700620A76 /* Post+function.swift */ = {isa = PBXFileReference; fileEncoding = 4; lastKnownFileType = sourcecode.swift; path = "Post+function.swift"; sourceTree = "<group>"; };
		EB3E0CEE212D65AF009FE8E2 /* PodcastPlayerStoryboard.storyboard */ = {isa = PBXFileReference; lastKnownFileType = file.storyboard; path = PodcastPlayerStoryboard.storyboard; sourceTree = "<group>"; };
		EB4393CC21679E4D00760D21 /* ListArticleStoryboard.storyboard */ = {isa = PBXFileReference; lastKnownFileType = file.storyboard; path = ListArticleStoryboard.storyboard; sourceTree = "<group>"; };
		EB48827221237379005527A7 /* Podcast+CoreDataProperties.swift */ = {isa = PBXFileReference; lastKnownFileType = sourcecode.swift; path = "Podcast+CoreDataProperties.swift"; sourceTree = "<group>"; };
		EB4882742123740F005527A7 /* Podcast+CoreDataClass.swift */ = {isa = PBXFileReference; lastKnownFileType = sourcecode.swift; path = "Podcast+CoreDataClass.swift"; sourceTree = "<group>"; };
		EB66A8B421BE5E7300F8D46A /* DetailArticleStoryboard.storyboard */ = {isa = PBXFileReference; lastKnownFileType = file.storyboard; path = DetailArticleStoryboard.storyboard; sourceTree = "<group>"; };
		EB73B1B62120F8C600B69A35 /* fr */ = {isa = PBXFileReference; lastKnownFileType = file.storyboard; name = fr; path = fr.lproj/LaunchScreen.storyboard; sourceTree = "<group>"; };
		EB88727021C101F00002F215 /* Category+Function.swift */ = {isa = PBXFileReference; lastKnownFileType = sourcecode.swift; path = "Category+Function.swift"; sourceTree = "<group>"; };
		EB8A9CA1211E3E4100CE32C4 /* SwiftSoup.framework */ = {isa = PBXFileReference; lastKnownFileType = wrapper.framework; name = SwiftSoup.framework; path = Carthage/Build/iOS/SwiftSoup.framework; sourceTree = "<group>"; };
		EB9035A92118E24E0091F603 /* CategoryPostTableViewController.swift */ = {isa = PBXFileReference; lastKnownFileType = sourcecode.swift; path = CategoryPostTableViewController.swift; sourceTree = "<group>"; };
		EB99A025210A5BE90018072C /* CoreDataStack.swift */ = {isa = PBXFileReference; lastKnownFileType = sourcecode.swift; path = CoreDataStack.swift; sourceTree = "<group>"; };
		EBA7B1A921D9085700603073 /* comment+Function.swift */ = {isa = PBXFileReference; lastKnownFileType = sourcecode.swift; path = "comment+Function.swift"; sourceTree = "<group>"; };
		EBA9C03121BEBA8400BFDE09 /* DetailArticleViewController.swift */ = {isa = PBXFileReference; lastKnownFileType = sourcecode.swift; path = DetailArticleViewController.swift; sourceTree = "<group>"; };
		EBAA19D4212AEFB4005395D4 /* ListPodcastStoryboard.storyboard */ = {isa = PBXFileReference; lastKnownFileType = file.storyboard; path = ListPodcastStoryboard.storyboard; sourceTree = "<group>"; };
		EBAA19D6212AF19F005395D4 /* DetailPodcastStoryboard.storyboard */ = {isa = PBXFileReference; lastKnownFileType = file.storyboard; path = DetailPodcastStoryboard.storyboard; sourceTree = "<group>"; };
		EBB1E90D210BD09B00B9CB12 /* Category+CoreDataClass.swift */ = {isa = PBXFileReference; lastKnownFileType = sourcecode.swift; path = "Category+CoreDataClass.swift"; sourceTree = "<group>"; };
		EBB1E90E210BD09B00B9CB12 /* Category+CoreDataProperties.swift */ = {isa = PBXFileReference; lastKnownFileType = sourcecode.swift; path = "Category+CoreDataProperties.swift"; sourceTree = "<group>"; };
		EBB1E90F210BD09B00B9CB12 /* User+CoreDataClass.swift */ = {isa = PBXFileReference; lastKnownFileType = sourcecode.swift; path = "User+CoreDataClass.swift"; sourceTree = "<group>"; };
		EBB1E910210BD09B00B9CB12 /* User+CoreDataProperties.swift */ = {isa = PBXFileReference; lastKnownFileType = sourcecode.swift; path = "User+CoreDataProperties.swift"; sourceTree = "<group>"; };
		EBB1E911210BD09B00B9CB12 /* Comment+CoreDataClass.swift */ = {isa = PBXFileReference; lastKnownFileType = sourcecode.swift; path = "Comment+CoreDataClass.swift"; sourceTree = "<group>"; };
		EBB1E912210BD09B00B9CB12 /* Comment+CoreDataProperties.swift */ = {isa = PBXFileReference; lastKnownFileType = sourcecode.swift; path = "Comment+CoreDataProperties.swift"; sourceTree = "<group>"; };
		EBB1E913210BD09B00B9CB12 /* Post+CoreDataClass.swift */ = {isa = PBXFileReference; lastKnownFileType = sourcecode.swift; path = "Post+CoreDataClass.swift"; sourceTree = "<group>"; };
		EBB1E914210BD09B00B9CB12 /* Post+CoreDataProperties.swift */ = {isa = PBXFileReference; lastKnownFileType = sourcecode.swift; path = "Post+CoreDataProperties.swift"; sourceTree = "<group>"; };
		EBBCF6D921D5330500EAB3FC /* Podcast+function.swift */ = {isa = PBXFileReference; lastKnownFileType = sourcecode.swift; path = "Podcast+function.swift"; sourceTree = "<group>"; };
		EBBE990D21C7A0DC007A1706 /* User+function.swift */ = {isa = PBXFileReference; lastKnownFileType = sourcecode.swift; path = "User+function.swift"; sourceTree = "<group>"; };
		EBC93AB6216912EB006B9A55 /* categoryArticleStoryboard.storyboard */ = {isa = PBXFileReference; lastKnownFileType = file.storyboard; path = categoryArticleStoryboard.storyboard; sourceTree = "<group>"; };
		EBC93D3A21280B5300C230C3 /* DVRGV_app.entitlements */ = {isa = PBXFileReference; lastKnownFileType = text.plist.entitlements; path = DVRGV_app.entitlements; sourceTree = "<group>"; };
		EBCBF45221693A980040F5E2 /* TabBarViewController.swift */ = {isa = PBXFileReference; lastKnownFileType = sourcecode.swift; path = TabBarViewController.swift; sourceTree = "<group>"; };
		EBE13429210B0562009AADF6 /* DVRGV.xcdatamodel */ = {isa = PBXFileReference; explicitFileType = wrapper.xcdatamodel; path = DVRGV.xcdatamodel; sourceTree = "<group>"; };
/* End PBXFileReference section */

/* Begin PBXFrameworksBuildPhase section */
		EB0C4B402104E3DF00128DD6 /* Frameworks */ = {
			isa = PBXFrameworksBuildPhase;
			buildActionMask = 2147483647;
			files = (
				FBCF7E8EFFD66547B6ADC2DA /* libPods-DVRGV_app.a in Frameworks */,
			);
			runOnlyForDeploymentPostprocessing = 0;
		};
/* End PBXFrameworksBuildPhase section */

/* Begin PBXGroup section */
		1E04D4FFCF6160108C176861 /* Pods */ = {
			isa = PBXGroup;
			children = (
				07B6F48DBA242E7F9361C60C /* Pods-DVRGV_app.debug.xcconfig */,
				EABA8E247684738AE9EDF803 /* Pods-DVRGV_app.release.xcconfig */,
			);
			name = Pods;
			sourceTree = "<group>";
		};
		EB0C4B3A2104E3DF00128DD6 = {
			isa = PBXGroup;
			children = (
				EB0C4B452104E3DF00128DD6 /* DVRGV_app */,
				EB0C4B442104E3DF00128DD6 /* Products */,
				EB8A9CA0211E3E4100CE32C4 /* Frameworks */,
				1E04D4FFCF6160108C176861 /* Pods */,
			);
			sourceTree = "<group>";
		};
		EB0C4B442104E3DF00128DD6 /* Products */ = {
			isa = PBXGroup;
			children = (
				EB0C4B432104E3DF00128DD6 /* DVRGV_app.app */,
			);
			name = Products;
			sourceTree = "<group>";
		};
		EB0C4B452104E3DF00128DD6 /* DVRGV_app */ = {
			isa = PBXGroup;
			children = (
				EBC93D3A21280B5300C230C3 /* DVRGV_app.entitlements */,
				EB0C4B462104E3DF00128DD6 /* AppDelegate.swift */,
				EBB1E90C210BD00100B9CB12 /* Models */,
				EBE13428210B0562009AADF6 /* DVRGV.xcdatamodeld */,
				EB99A025210A5BE90018072C /* CoreDataStack.swift */,
				EB0C4B502104E3DF00128DD6 /* Assets.xcassets */,
				EB0C4B522104E3DF00128DD6 /* LaunchScreen.storyboard */,
				EB0C4B552104E3DF00128DD6 /* Info.plist */,
				EB4393CF2167A5B300760D21 /* Controller */,
				EB4393CB21679E0300760D21 /* Article */,
				EB0C4B6C2104E51B00128DD6 /* tabBar.storyboard */,
				EBCBF45221693A980040F5E2 /* TabBarViewController.swift */,
				EB0C4B692104E4C800128DD6 /* typeExtension */,
				EB0C4B622104E47E00128DD6 /* API */,
				EB0C4B5B2104E44E00128DD6 /* podcast */,
			);
			path = DVRGV_app;
			sourceTree = "<group>";
		};
		EB0C4B5B2104E44E00128DD6 /* podcast */ = {
			isa = PBXGroup;
			children = (
				EB0C4B5D2104E44E00128DD6 /* CategoryPodcastStoryboard.storyboard */,
				EBAA19D4212AEFB4005395D4 /* ListPodcastStoryboard.storyboard */,
				EB1758BA211B93E60099B9B5 /* DetailPodcastViewController.swift */,
				EBAA19D6212AF19F005395D4 /* DetailPodcastStoryboard.storyboard */,
				EB3E0CEE212D65AF009FE8E2 /* PodcastPlayerStoryboard.storyboard */,
				EB0C4B5E2104E44E00128DD6 /* PodcastTableViewCell.swift */,
			);
			path = podcast;
			sourceTree = "<group>";
		};
		EB0C4B622104E47E00128DD6 /* API */ = {
			isa = PBXGroup;
			children = (
				EB0C4B632104E47E00128DD6 /* APIManager.swift */,
				EB0C4B642104E47E00128DD6 /* HTTPMethods.swift */,
				EB0C4B652104E47E00128DD6 /* Route.swift */,
			);
			path = API;
			sourceTree = "<group>";
		};
		EB0C4B692104E4C800128DD6 /* typeExtension */ = {
			isa = PBXGroup;
			children = (
				EB0C4B6A2104E4C800128DD6 /* stringExtention.swift */,
			);
			path = typeExtension;
			sourceTree = "<group>";
		};
		EB4393CB21679E0300760D21 /* Article */ = {
			isa = PBXGroup;
			children = (
				EB4393CC21679E4D00760D21 /* ListArticleStoryboard.storyboard */,
				EBC93AB6216912EB006B9A55 /* categoryArticleStoryboard.storyboard */,
				EB66A8B421BE5E7300F8D46A /* DetailArticleStoryboard.storyboard */,
				EBA9C03121BEBA8400BFDE09 /* DetailArticleViewController.swift */,
			);
			path = Article;
			sourceTree = "<group>";
		};
		EB4393CF2167A5B300760D21 /* Controller */ = {
			isa = PBXGroup;
			children = (
				EB9035A92118E24E0091F603 /* CategoryPostTableViewController.swift */,
				EB0C4B5C2104E44E00128DD6 /* ListPostsTableViewController.swift */,
			);
			path = Controller;
			sourceTree = "<group>";
		};
		EB8A9CA0211E3E4100CE32C4 /* Frameworks */ = {
			isa = PBXGroup;
			children = (
				EB8A9CA1211E3E4100CE32C4 /* SwiftSoup.framework */,
				48AAFDD8C5FD9EDC081E3E0B /* libPods-DVRGV_app.a */,
			);
			name = Frameworks;
			sourceTree = "<group>";
		};
		EBB1E90C210BD00100B9CB12 /* Models */ = {
			isa = PBXGroup;
			children = (
				EB48827221237379005527A7 /* Podcast+CoreDataProperties.swift */,
				EB4882742123740F005527A7 /* Podcast+CoreDataClass.swift */,
				EBBCF6D921D5330500EAB3FC /* Podcast+function.swift */,
				EBB1E90D210BD09B00B9CB12 /* Category+CoreDataClass.swift */,
				EB88727021C101F00002F215 /* Category+Function.swift */,
				EBB1E90E210BD09B00B9CB12 /* Category+CoreDataProperties.swift */,
				EBB1E90F210BD09B00B9CB12 /* User+CoreDataClass.swift */,
				EBB1E910210BD09B00B9CB12 /* User+CoreDataProperties.swift */,
				EBBE990D21C7A0DC007A1706 /* User+function.swift */,
				EBB1E911210BD09B00B9CB12 /* Comment+CoreDataClass.swift */,
				EBA7B1A921D9085700603073 /* comment+Function.swift */,
				EBB1E912210BD09B00B9CB12 /* Comment+CoreDataProperties.swift */,
				EBB1E913210BD09B00B9CB12 /* Post+CoreDataClass.swift */,
				EBB1E914210BD09B00B9CB12 /* Post+CoreDataProperties.swift */,
				EB276CB621C7D55700620A76 /* Post+function.swift */,
			);
			path = Models;
			sourceTree = "<group>";
		};
/* End PBXGroup section */

/* Begin PBXNativeTarget section */
		EB0C4B422104E3DF00128DD6 /* DVRGV_app */ = {
			isa = PBXNativeTarget;
			buildConfigurationList = EB0C4B582104E3DF00128DD6 /* Build configuration list for PBXNativeTarget "DVRGV_app" */;
			buildPhases = (
				2AD5F71BF47834B86C11E548 /* [CP] Check Pods Manifest.lock */,
				EB0C4B3F2104E3DF00128DD6 /* Sources */,
				EB0C4B402104E3DF00128DD6 /* Frameworks */,
				EB0C4B412104E3DF00128DD6 /* Resources */,
			);
			buildRules = (
			);
			dependencies = (
			);
			name = DVRGV_app;
			productName = DVRGV_app;
			productReference = EB0C4B432104E3DF00128DD6 /* DVRGV_app.app */;
			productType = "com.apple.product-type.application";
		};
/* End PBXNativeTarget section */

/* Begin PBXProject section */
		EB0C4B3B2104E3DF00128DD6 /* Project object */ = {
			isa = PBXProject;
			attributes = {
				LastSwiftUpdateCheck = 0940;
				LastUpgradeCheck = 0940;
				ORGANIZATIONNAME = "Clément BOUSSIRON";
				TargetAttributes = {
					EB0C4B422104E3DF00128DD6 = {
						CreatedOnToolsVersion = 9.4.1;
						LastSwiftMigration = 1000;
						SystemCapabilities = {
							com.apple.ApplicationGroups.iOS = {
								enabled = 0;
							};
							com.apple.BackgroundModes = {
								enabled = 1;
							};
							com.apple.Push = {
								enabled = 1;
							};
						};
					};
				};
			};
			buildConfigurationList = EB0C4B3E2104E3DF00128DD6 /* Build configuration list for PBXProject "DVRGV_app" */;
			compatibilityVersion = "Xcode 9.3";
			developmentRegion = en;
			hasScannedForEncodings = 0;
			knownRegions = (
				fr,
			);
			mainGroup = EB0C4B3A2104E3DF00128DD6;
			productRefGroup = EB0C4B442104E3DF00128DD6 /* Products */;
			projectDirPath = "";
			projectRoot = "";
			targets = (
				EB0C4B422104E3DF00128DD6 /* DVRGV_app */,
			);
		};
/* End PBXProject section */

/* Begin PBXResourcesBuildPhase section */
		EB0C4B412104E3DF00128DD6 /* Resources */ = {
			isa = PBXResourcesBuildPhase;
			buildActionMask = 2147483647;
			files = (
				EB0C4B6D2104E51B00128DD6 /* tabBar.storyboard in Resources */,
				EBAA19D5212AEFB4005395D4 /* ListPodcastStoryboard.storyboard in Resources */,
				EB0C4B602104E44E00128DD6 /* CategoryPodcastStoryboard.storyboard in Resources */,
				EB66A8B521BE5E7300F8D46A /* DetailArticleStoryboard.storyboard in Resources */,
				EB0C4B542104E3DF00128DD6 /* LaunchScreen.storyboard in Resources */,
				EBC93AB7216912EB006B9A55 /* categoryArticleStoryboard.storyboard in Resources */,
				EB0C4B512104E3DF00128DD6 /* Assets.xcassets in Resources */,
				EB4393CD21679E4D00760D21 /* ListArticleStoryboard.storyboard in Resources */,
				EBAA19D7212AF19F005395D4 /* DetailPodcastStoryboard.storyboard in Resources */,
				EB3E0CEF212D65AF009FE8E2 /* PodcastPlayerStoryboard.storyboard in Resources */,
			);
			runOnlyForDeploymentPostprocessing = 0;
		};
/* End PBXResourcesBuildPhase section */

/* Begin PBXShellScriptBuildPhase section */
		2AD5F71BF47834B86C11E548 /* [CP] Check Pods Manifest.lock */ = {
			isa = PBXShellScriptBuildPhase;
			buildActionMask = 2147483647;
			files = (
			);
			inputFileListPaths = (
			);
			inputPaths = (
				"${PODS_PODFILE_DIR_PATH}/Podfile.lock",
				"${PODS_ROOT}/Manifest.lock",
			);
			name = "[CP] Check Pods Manifest.lock";
			outputFileListPaths = (
			);
			outputPaths = (
				"$(DERIVED_FILE_DIR)/Pods-DVRGV_app-checkManifestLockResult.txt",
			);
			runOnlyForDeploymentPostprocessing = 0;
			shellPath = /bin/sh;
			shellScript = "diff \"${PODS_PODFILE_DIR_PATH}/Podfile.lock\" \"${PODS_ROOT}/Manifest.lock\" > /dev/null\nif [ $? != 0 ] ; then\n    # print error to STDERR\n    echo \"error: The sandbox is not in sync with the Podfile.lock. Run 'pod install' or update your CocoaPods installation.\" >&2\n    exit 1\nfi\n# This output is used by Xcode 'outputs' to avoid re-running this script phase.\necho \"SUCCESS\" > \"${SCRIPT_OUTPUT_FILE_0}\"\n";
			showEnvVarsInLog = 0;
		};
/* End PBXShellScriptBuildPhase section */

/* Begin PBXSourcesBuildPhase section */
		EB0C4B3F2104E3DF00128DD6 /* Sources */ = {
			isa = PBXSourcesBuildPhase;
			buildActionMask = 2147483647;
			files = (
				EBA9C03221BEBA8400BFDE09 /* DetailArticleViewController.swift in Sources */,
				EB48827321237379005527A7 /* Podcast+CoreDataProperties.swift in Sources */,
				EB0C4B472104E3DF00128DD6 /* AppDelegate.swift in Sources */,
				EB0C4B672104E47E00128DD6 /* HTTPMethods.swift in Sources */,
				EBB1E917210BD09C00B9CB12 /* User+CoreDataClass.swift in Sources */,
				EB276CB721C7D55700620A76 /* Post+function.swift in Sources */,
				EB0C4B662104E47E00128DD6 /* APIManager.swift in Sources */,
				EBB1E91A210BD09C00B9CB12 /* Comment+CoreDataProperties.swift in Sources */,
				EBB1E91C210BD09C00B9CB12 /* Post+CoreDataProperties.swift in Sources */,
				EB9035AA2118E24E0091F603 /* CategoryPostTableViewController.swift in Sources */,
				EBB1E915210BD09C00B9CB12 /* Category+CoreDataClass.swift in Sources */,
				EBB1E919210BD09C00B9CB12 /* Comment+CoreDataClass.swift in Sources */,
				EBCBF45321693A980040F5E2 /* TabBarViewController.swift in Sources */,
				EB88727121C101F00002F215 /* Category+Function.swift in Sources */,
				EB4882752123740F005527A7 /* Podcast+CoreDataClass.swift in Sources */,
				EB0C4B612104E44E00128DD6 /* PodcastTableViewCell.swift in Sources */,
				EB0C4B6B2104E4C800128DD6 /* stringExtention.swift in Sources */,
				EBB1E916210BD09C00B9CB12 /* Category+CoreDataProperties.swift in Sources */,
				EB0C4B682104E47E00128DD6 /* Route.swift in Sources */,
				EB0C4B5F2104E44E00128DD6 /* ListPostsTableViewController.swift in Sources */,
				EBBCF6DA21D5330500EAB3FC /* Podcast+function.swift in Sources */,
				EBB1E918210BD09C00B9CB12 /* User+CoreDataProperties.swift in Sources */,
				EBB1E91B210BD09C00B9CB12 /* Post+CoreDataClass.swift in Sources */,
				EB99A026210A5BE90018072C /* CoreDataStack.swift in Sources */,
				EB1758BB211B93E60099B9B5 /* DetailPodcastViewController.swift in Sources */,
				EBA7B1AA21D9085700603073 /* comment+Function.swift in Sources */,
				EBBE990E21C7A0DC007A1706 /* User+function.swift in Sources */,
				EBE1342A210B0562009AADF6 /* DVRGV.xcdatamodeld in Sources */,
			);
			runOnlyForDeploymentPostprocessing = 0;
		};
/* End PBXSourcesBuildPhase section */

/* Begin PBXVariantGroup section */
		EB0C4B522104E3DF00128DD6 /* LaunchScreen.storyboard */ = {
			isa = PBXVariantGroup;
			children = (
				EB73B1B62120F8C600B69A35 /* fr */,
			);
			name = LaunchScreen.storyboard;
			sourceTree = "<group>";
		};
/* End PBXVariantGroup section */

/* Begin XCBuildConfiguration section */
		EB0C4B562104E3DF00128DD6 /* Debug */ = {
			isa = XCBuildConfiguration;
			buildSettings = {
				ALWAYS_SEARCH_USER_PATHS = NO;
				CLANG_ANALYZER_NONNULL = YES;
				CLANG_ANALYZER_NUMBER_OBJECT_CONVERSION = YES_AGGRESSIVE;
				CLANG_CXX_LANGUAGE_STANDARD = "gnu++14";
				CLANG_CXX_LIBRARY = "libc++";
				CLANG_ENABLE_MODULES = YES;
				CLANG_ENABLE_OBJC_ARC = YES;
				CLANG_ENABLE_OBJC_WEAK = YES;
				CLANG_WARN_BLOCK_CAPTURE_AUTORELEASING = YES;
				CLANG_WARN_BOOL_CONVERSION = YES;
				CLANG_WARN_COMMA = YES;
				CLANG_WARN_CONSTANT_CONVERSION = YES;
				CLANG_WARN_DEPRECATED_OBJC_IMPLEMENTATIONS = YES;
				CLANG_WARN_DIRECT_OBJC_ISA_USAGE = YES_ERROR;
				CLANG_WARN_DOCUMENTATION_COMMENTS = YES;
				CLANG_WARN_EMPTY_BODY = YES;
				CLANG_WARN_ENUM_CONVERSION = YES;
				CLANG_WARN_INFINITE_RECURSION = YES;
				CLANG_WARN_INT_CONVERSION = YES;
				CLANG_WARN_NON_LITERAL_NULL_CONVERSION = YES;
				CLANG_WARN_OBJC_IMPLICIT_RETAIN_SELF = YES;
				CLANG_WARN_OBJC_LITERAL_CONVERSION = YES;
				CLANG_WARN_OBJC_ROOT_CLASS = YES_ERROR;
				CLANG_WARN_RANGE_LOOP_ANALYSIS = YES;
				CLANG_WARN_STRICT_PROTOTYPES = YES;
				CLANG_WARN_SUSPICIOUS_MOVE = YES;
				CLANG_WARN_UNGUARDED_AVAILABILITY = YES_AGGRESSIVE;
				CLANG_WARN_UNREACHABLE_CODE = YES;
				CLANG_WARN__DUPLICATE_METHOD_MATCH = YES;
				CODE_SIGN_IDENTITY = "iPhone Developer";
				COPY_PHASE_STRIP = NO;
				DEBUG_INFORMATION_FORMAT = dwarf;
				ENABLE_STRICT_OBJC_MSGSEND = YES;
				ENABLE_TESTABILITY = YES;
				GCC_C_LANGUAGE_STANDARD = gnu11;
				GCC_DYNAMIC_NO_PIC = NO;
				GCC_NO_COMMON_BLOCKS = YES;
				GCC_OPTIMIZATION_LEVEL = 0;
				GCC_PREPROCESSOR_DEFINITIONS = (
					"DEBUG=1",
					"$(inherited)",
				);
				GCC_WARN_64_TO_32_BIT_CONVERSION = YES;
				GCC_WARN_ABOUT_RETURN_TYPE = YES_ERROR;
				GCC_WARN_UNDECLARED_SELECTOR = YES;
				GCC_WARN_UNINITIALIZED_AUTOS = YES_AGGRESSIVE;
				GCC_WARN_UNUSED_FUNCTION = YES;
				GCC_WARN_UNUSED_VARIABLE = YES;
				IPHONEOS_DEPLOYMENT_TARGET = 11.4;
				MTL_ENABLE_DEBUG_INFO = YES;
				ONLY_ACTIVE_ARCH = YES;
				SDKROOT = iphoneos;
				SWIFT_ACTIVE_COMPILATION_CONDITIONS = DEBUG;
				SWIFT_OPTIMIZATION_LEVEL = "-Onone";
			};
			name = Debug;
		};
		EB0C4B572104E3DF00128DD6 /* Release */ = {
			isa = XCBuildConfiguration;
			buildSettings = {
				ALWAYS_SEARCH_USER_PATHS = NO;
				CLANG_ANALYZER_NONNULL = YES;
				CLANG_ANALYZER_NUMBER_OBJECT_CONVERSION = YES_AGGRESSIVE;
				CLANG_CXX_LANGUAGE_STANDARD = "gnu++14";
				CLANG_CXX_LIBRARY = "libc++";
				CLANG_ENABLE_MODULES = YES;
				CLANG_ENABLE_OBJC_ARC = YES;
				CLANG_ENABLE_OBJC_WEAK = YES;
				CLANG_WARN_BLOCK_CAPTURE_AUTORELEASING = YES;
				CLANG_WARN_BOOL_CONVERSION = YES;
				CLANG_WARN_COMMA = YES;
				CLANG_WARN_CONSTANT_CONVERSION = YES;
				CLANG_WARN_DEPRECATED_OBJC_IMPLEMENTATIONS = YES;
				CLANG_WARN_DIRECT_OBJC_ISA_USAGE = YES_ERROR;
				CLANG_WARN_DOCUMENTATION_COMMENTS = YES;
				CLANG_WARN_EMPTY_BODY = YES;
				CLANG_WARN_ENUM_CONVERSION = YES;
				CLANG_WARN_INFINITE_RECURSION = YES;
				CLANG_WARN_INT_CONVERSION = YES;
				CLANG_WARN_NON_LITERAL_NULL_CONVERSION = YES;
				CLANG_WARN_OBJC_IMPLICIT_RETAIN_SELF = YES;
				CLANG_WARN_OBJC_LITERAL_CONVERSION = YES;
				CLANG_WARN_OBJC_ROOT_CLASS = YES_ERROR;
				CLANG_WARN_RANGE_LOOP_ANALYSIS = YES;
				CLANG_WARN_STRICT_PROTOTYPES = YES;
				CLANG_WARN_SUSPICIOUS_MOVE = YES;
				CLANG_WARN_UNGUARDED_AVAILABILITY = YES_AGGRESSIVE;
				CLANG_WARN_UNREACHABLE_CODE = YES;
				CLANG_WARN__DUPLICATE_METHOD_MATCH = YES;
				CODE_SIGN_IDENTITY = "iPhone Developer";
				COPY_PHASE_STRIP = NO;
				DEBUG_INFORMATION_FORMAT = "dwarf-with-dsym";
				ENABLE_NS_ASSERTIONS = NO;
				ENABLE_STRICT_OBJC_MSGSEND = YES;
				GCC_C_LANGUAGE_STANDARD = gnu11;
				GCC_NO_COMMON_BLOCKS = YES;
				GCC_WARN_64_TO_32_BIT_CONVERSION = YES;
				GCC_WARN_ABOUT_RETURN_TYPE = YES_ERROR;
				GCC_WARN_UNDECLARED_SELECTOR = YES;
				GCC_WARN_UNINITIALIZED_AUTOS = YES_AGGRESSIVE;
				GCC_WARN_UNUSED_FUNCTION = YES;
				GCC_WARN_UNUSED_VARIABLE = YES;
				IPHONEOS_DEPLOYMENT_TARGET = 11.4;
				MTL_ENABLE_DEBUG_INFO = NO;
				SDKROOT = iphoneos;
				SWIFT_COMPILATION_MODE = wholemodule;
				SWIFT_OPTIMIZATION_LEVEL = "-O";
				VALIDATE_PRODUCT = YES;
			};
			name = Release;
		};
		EB0C4B592104E3DF00128DD6 /* Debug */ = {
			isa = XCBuildConfiguration;
			baseConfigurationReference = 07B6F48DBA242E7F9361C60C /* Pods-DVRGV_app.debug.xcconfig */;
			buildSettings = {
				ASSETCATALOG_COMPILER_APPICON_NAME = AppIcon;
				CODE_SIGN_ENTITLEMENTS = DVRGV_app/DVRGV_app.entitlements;
				CODE_SIGN_STYLE = Automatic;
				DEVELOPMENT_TEAM = HA9GMXFK2H;
				ENABLE_TESTABILITY = YES;
				FRAMEWORK_SEARCH_PATHS = (
					"$(inherited)",
					"$(PROJECT_DIR)/Carthage/Build/iOS",
				);
				INFOPLIST_FILE = DVRGV_app/Info.plist;
				IPHONEOS_DEPLOYMENT_TARGET = 12.0;
				LD_RUNPATH_SEARCH_PATHS = (
					"$(inherited)",
					"@executable_path/Frameworks",
				);
				ONLY_ACTIVE_ARCH = YES;
				PRODUCT_BUNDLE_IDENTIFIER = "org.asso-DVRGV.DVRGV-app";
				PRODUCT_NAME = "$(TARGET_NAME)";
				SUPPORTED_PLATFORMS = "iphonesimulator iphoneos";
				SWIFT_VERSION = 4.2;
				TARGETED_DEVICE_FAMILY = 1;
				VALIDATE_PRODUCT = YES;
			};
			name = Debug;
		};
		EB0C4B5A2104E3DF00128DD6 /* Release */ = {
			isa = XCBuildConfiguration;
			baseConfigurationReference = EABA8E247684738AE9EDF803 /* Pods-DVRGV_app.release.xcconfig */;
			buildSettings = {
				ASSETCATALOG_COMPILER_APPICON_NAME = AppIcon;
				CODE_SIGN_ENTITLEMENTS = DVRGV_app/DVRGV_app.entitlements;
				CODE_SIGN_STYLE = Automatic;
				DEVELOPMENT_TEAM = HA9GMXFK2H;
				ENABLE_TESTABILITY = NO;
				FRAMEWORK_SEARCH_PATHS = (
					"$(inherited)",
					"$(PROJECT_DIR)/Carthage/Build/iOS",
				);
				INFOPLIST_FILE = DVRGV_app/Info.plist;
				IPHONEOS_DEPLOYMENT_TARGET = 12.0;
				LD_RUNPATH_SEARCH_PATHS = (
					"$(inherited)",
					"@executable_path/Frameworks",
				);
				PRODUCT_BUNDLE_IDENTIFIER = "org.asso-DVRGV.DVRGV-app";
				PRODUCT_NAME = "$(TARGET_NAME)";
				SUPPORTED_PLATFORMS = "iphonesimulator iphoneos";
				SWIFT_VERSION = 4.2;
				TARGETED_DEVICE_FAMILY = 1;
				VALIDATE_PRODUCT = NO;
			};
			name = Release;
		};
/* End XCBuildConfiguration section */

/* Begin XCConfigurationList section */
		EB0C4B3E2104E3DF00128DD6 /* Build configuration list for PBXProject "DVRGV_app" */ = {
			isa = XCConfigurationList;
			buildConfigurations = (
				EB0C4B562104E3DF00128DD6 /* Debug */,
				EB0C4B572104E3DF00128DD6 /* Release */,
			);
			defaultConfigurationIsVisible = 0;
			defaultConfigurationName = Release;
		};
		EB0C4B582104E3DF00128DD6 /* Build configuration list for PBXNativeTarget "DVRGV_app" */ = {
			isa = XCConfigurationList;
			buildConfigurations = (
				EB0C4B592104E3DF00128DD6 /* Debug */,
				EB0C4B5A2104E3DF00128DD6 /* Release */,
			);
			defaultConfigurationIsVisible = 0;
			defaultConfigurationName = Release;
		};
/* End XCConfigurationList section */

/* Begin XCVersionGroup section */
		EBE13428210B0562009AADF6 /* DVRGV.xcdatamodeld */ = {
			isa = XCVersionGroup;
			children = (
				EBE13429210B0562009AADF6 /* DVRGV.xcdatamodel */,
			);
			currentVersion = EBE13429210B0562009AADF6 /* DVRGV.xcdatamodel */;
			path = DVRGV.xcdatamodeld;
			sourceTree = "<group>";
			versionGroupType = wrapper.xcdatamodel;
		};
/* End XCVersionGroup section */
	};
	rootObject = EB0C4B3B2104E3DF00128DD6 /* Project object */;
}
